
Microsoft Visual Studio Solution File, Format Version 12.00
# Visual Studio Version 17
VisualStudioVersion = 17.3.32819.101
MinimumVisualStudioVersion = 10.0.40219.1
Project("{FAE04EC0-301F-11D3-BF4B-00C04F79EFBC}") = "MISA.HUST.21H.2022.API", "MISA.HUST.21H.2022.API\MISA.HUST.21H.2022.API.csproj", "{52F48A22-1B74-4613-948E-1B0E2E45FE41}"
EndProject
Global
	GlobalSection(SolutionConfigurationPlatforms) = preSolution
		Debug|Any CPU = Debug|Any CPU
		Release|Any CPU = Release|Any CPU
	EndGlobalSection
	GlobalSection(ProjectConfigurationPlatforms) = postSolution
		{52F48A22-1B74-4613-948E-1B0E2E45FE41}.Debug|Any CPU.ActiveCfg = Debug|Any CPU
		{52F48A22-1B74-4613-948E-1B0E2E45FE41}.Debug|Any CPU.Build.0 = Debug|Any CPU
		{52F48A22-1B74-4613-948E-1B0E2E45FE41}.Release|Any CPU.ActiveCfg = Release|Any CPU
		{52F48A22-1B74-4613-948E-1B0E2E45FE41}.Release|Any CPU.Build.0 = Release|Any CPU
	EndGlobalSection
	GlobalSection(SolutionProperties) = preSolution
		HideSolutionNode = FALSE
	EndGlobalSection
	GlobalSection(ExtensibilityGlobals) = postSolution
		SolutionGuid = {C1BB381F-368B-4404-8248-15679EBEB59D}
	EndGlobalSection
EndGlobal
